
Microsoft Visual Studio Solution File, Format Version 12.00
# Visual Studio Version 16
VisualStudioVersion = 16.0.30114.105
MinimumVisualStudioVersion = 10.0.40219.1
Project("{FAE04EC0-301F-11D3-BF4B-00C04F79EFBC}") = "TestReportRDLC", "TestReportRDLC\TestReportRDLC.csproj", "{B6E5108A-5FD5-43EE-AD39-D28BA9F7022E}"
EndProject
Global
	GlobalSection(SolutionConfigurationPlatforms) = preSolution
		Debug|Any CPU = Debug|Any CPU
		Release|Any CPU = Release|Any CPU
	EndGlobalSection
	GlobalSection(ProjectConfigurationPlatforms) = postSolution
		{B6E5108A-5FD5-43EE-AD39-D28BA9F7022E}.Debug|Any CPU.ActiveCfg = Debug|Any CPU
		{B6E5108A-5FD5-43EE-AD39-D28BA9F7022E}.Debug|Any CPU.Build.0 = Debug|Any CPU
		{B6E5108A-5FD5-43EE-AD39-D28BA9F7022E}.Release|Any CPU.ActiveCfg = Release|Any CPU
		{B6E5108A-5FD5-43EE-AD39-D28BA9F7022E}.Release|Any CPU.Build.0 = Release|Any CPU
	EndGlobalSection
	GlobalSection(SolutionProperties) = preSolution
		HideSolutionNode = FALSE
	EndGlobalSection
	GlobalSection(ExtensibilityGlobals) = postSolution
		SolutionGuid = {41F61F2E-2C35-41C9-977C-3778673FDFFF}
	EndGlobalSection
EndGlobal
